github.com/danieldin95/openlan-go v0.0.0-20200107130234-446093c47264 h1:jUBUV2PE3dcCc5TBAhn/nVvnr4pF8umucc3WKh9Up7c=
github.com/danieldin95/openlan-go v0.0.0-20200107130234-446093c47264/go.mod h1:l/01H/jadyYLkyOdCIDJh1a2nNxPdisJxAe0wKczQYk=
github.com/golang-collections/go-datastructures v0.0.0-20150211160725-59788d5eb259 h1:ZHJ7+IGpuOXtVf6Zk/a3WuHQgkC+vXwaqfUBDFwahtI=
github.com/golang-collections/go-datastructures v0.0.0-20150211160725-59788d5eb259/go.mod h1:9Qcha0gTWLw//0VNka1Cbnjvg3pNKGFdAm7E9sBabxE=
github.com/golang/sys v0.0.0-20190209173611-3b5209105503 h1:KkzKRheGyjoZo7gN0XfHPvHPiigTohQEshRskFvbq6s=
github.com/golang/sys v0.0.0-20190209173611-3b5209105503/go.mod h1:5JyrLPvD/ZdaYkT7IqKhsP5xt7aLjA99KXRtk4EIYDk=
github.com/gorilla/mux v1.7.3 h1:gnP5JzjVOuiZD07fKKToCAOjS0yOpj/qPETTXCCS6hw=
github.com/gorilla/mux v1.7.3/go.mod h1:1lud6UwP+6orDFRuTfBEV8e9/aOM/c4fVVCaMa2zaAs=
github.com/pierrec/lz4 v2.4.0+incompatible h1:06usnXXDNcPvCHDkmPpkidf4jTc52UKld7UPfqKatY4=
github.com/pierrec/lz4 v2.4.0+incompatible/go.mod h1:pdkljMzZIN41W+lC3N2tnIh5sFi+IEE17M5jbnwPHcY=
github.com/songgao/water v0.0.0-20190725173103-fd331bda3f4b h1:+y4hCMc/WKsDbAPsOQZgBSaSZ26uh2afyaWeVg/3s/c=
github.com/songgao/water v0.0.0-20190725173103-fd331bda3f4b/go.mod h1:P5HUIBuIWKbyjl083/loAegFkfbFNx5i2qEP4CNbm7E=
github.com/vishvananda/netlink v1.0.0 h1:bqNY2lgheFIu1meHUFSH3d7vG93AFyqg3oGbJCOJgSM=
github.com/vishvananda/netlink v1.0.0/go.mod h1:+SR5DhBJrl6ZM7CoCKvpw5BKroDKQ+PJqOg65H/2ktk=
github.com/vishvananda/netns v0.0.0-20191106174202-0a2b9b5464df h1:OviZH7qLw/7ZovXvuNyL3XQl8UFofeikI1NW1Gypu7k=
github.com/vishvananda/netns v0.0.0-20191106174202-0a2b9b5464df/go.mod h1:JP3t17pCcGlemwknint6hfoeCVQrEMVwxRLRjXpq+BU=
